// !$*UTF8*$!
{
	archiveVersion = 1;
	classes = {
	};
	objectVersion = 55;
	objects = {

/* Begin PBXBuildFile section */
		BA078B77280F5021002C886E /* MultipleTickerQuery.swift in Sources */ = {isa = PBXBuildFile; fileRef = BA078B76280F5021002C886E /* MultipleTickerQuery.swift */; };
		BA21AB1E28032502008693B1 /* StockAPPApp.swift in Sources */ = {isa = PBXBuildFile; fileRef = BA21AB1D28032502008693B1 /* StockAPPApp.swift */; };
		BA21AB2028032502008693B1 /* MainView.swift in Sources */ = {isa = PBXBuildFile; fileRef = BA21AB1F28032502008693B1 /* MainView.swift */; };
		BA21AB2228032503008693B1 /* Assets.xcassets in Resources */ = {isa = PBXBuildFile; fileRef = BA21AB2128032503008693B1 /* Assets.xcassets */; };
		BA21AB2528032503008693B1 /* Preview Assets.xcassets in Resources */ = {isa = PBXBuildFile; fileRef = BA21AB2428032503008693B1 /* Preview Assets.xcassets */; };
		BA21AB2D28032814008693B1 /* APIService.swift in Sources */ = {isa = PBXBuildFile; fileRef = BA21AB2C28032814008693B1 /* APIService.swift */; };
		BA21AB2F28032BC9008693B1 /* APIError.swift in Sources */ = {isa = PBXBuildFile; fileRef = BA21AB2E28032BC9008693B1 /* APIError.swift */; };
		BA21AB322803313C008693B1 /* CompanyBrief.swift in Sources */ = {isa = PBXBuildFile; fileRef = BA21AB312803313C008693B1 /* CompanyBrief.swift */; };
		BA21AB3428036587008693B1 /* utils.swift in Sources */ = {isa = PBXBuildFile; fileRef = BA21AB3328036587008693B1 /* utils.swift */; };
		BA21AB36280366A1008693B1 /* CurrentPrice.swift in Sources */ = {isa = PBXBuildFile; fileRef = BA21AB35280366A1008693B1 /* CurrentPrice.swift */; };
		BA21AB3828036C9F008693B1 /* Peers.swift in Sources */ = {isa = PBXBuildFile; fileRef = BA21AB3728036C9F008693B1 /* Peers.swift */; };
		BA21AB3A28036DE0008693B1 /* HourlyPrice.swift in Sources */ = {isa = PBXBuildFile; fileRef = BA21AB3928036DE0008693B1 /* HourlyPrice.swift */; };
		BA21AB3C28036FD8008693B1 /* SearchSuggestions.swift in Sources */ = {isa = PBXBuildFile; fileRef = BA21AB3B28036FD8008693B1 /* SearchSuggestions.swift */; };
		BA21AB3E2803721D008693B1 /* News.swift in Sources */ = {isa = PBXBuildFile; fileRef = BA21AB3D2803721D008693B1 /* News.swift */; };
		BA21AB402803C3CF008693B1 /* HistoricalRecord.swift in Sources */ = {isa = PBXBuildFile; fileRef = BA21AB3F2803C3CF008693B1 /* HistoricalRecord.swift */; };
		BA21AB422803C91A008693B1 /* RecommendInfo.swift in Sources */ = {isa = PBXBuildFile; fileRef = BA21AB412803C91A008693B1 /* RecommendInfo.swift */; };
		BA21AB442803CA78008693B1 /* EarningInfo.swift in Sources */ = {isa = PBXBuildFile; fileRef = BA21AB432803CA78008693B1 /* EarningInfo.swift */; };
		BA21AB462803D707008693B1 /* SocialSentiment.swift in Sources */ = {isa = PBXBuildFile; fileRef = BA21AB452803D707008693B1 /* SocialSentiment.swift */; };
		BA21AB4A2803DB4B008693B1 /* LoadingView.swift in Sources */ = {isa = PBXBuildFile; fileRef = BA21AB492803DB4B008693B1 /* LoadingView.swift */; };
		BA21AB4C2803E011008693B1 /* StockTitleView.swift in Sources */ = {isa = PBXBuildFile; fileRef = BA21AB4B2803E011008693B1 /* StockTitleView.swift */; };
		BA3CFFE8280E0CB40030F75D /* TransactionSheet.swift in Sources */ = {isa = PBXBuildFile; fileRef = BA3CFFE7280E0CB40030F75D /* TransactionSheet.swift */; };
		BA56E187280B643000989BE1 /* PriceQuery.swift in Sources */ = {isa = PBXBuildFile; fileRef = BA56E186280B643000989BE1 /* PriceQuery.swift */; };
		BA56E189280B64DF00989BE1 /* GroupQuery.swift in Sources */ = {isa = PBXBuildFile; fileRef = BA56E188280B64DF00989BE1 /* GroupQuery.swift */; };
		BA7F3E7828078C8B002F6F9C /* Debouncer.swift in Sources */ = {isa = PBXBuildFile; fileRef = BA7F3E7728078C8B002F6F9C /* Debouncer.swift */; };
		BA7F3E7D2807CFCE002F6F9C /* Toast.swift in Sources */ = {isa = PBXBuildFile; fileRef = BA7F3E7C2807CFCE002F6F9C /* Toast.swift */; };
		BA869B0F2810A19600140C46 /* HourlyChart.swift in Sources */ = {isa = PBXBuildFile; fileRef = BA869B0E2810A19600140C46 /* HourlyChart.swift */; };
		BA869B112810A25100140C46 /* Charts in Resources */ = {isa = PBXBuildFile; fileRef = BA869B102810A25100140C46 /* Charts */; };
		BA869B1528110D1900140C46 /* WebView.swift in Sources */ = {isa = PBXBuildFile; fileRef = BA869B1428110D1900140C46 /* WebView.swift */; };
		BA869B172811141500140C46 /* HistoricalChart.swift in Sources */ = {isa = PBXBuildFile; fileRef = BA869B162811141500140C46 /* HistoricalChart.swift */; };
		BA869B192811ADBF00140C46 /* PriceCharts.swift in Sources */ = {isa = PBXBuildFile; fileRef = BA869B182811ADBF00140C46 /* PriceCharts.swift */; };
		BA869B1E2811B09300140C46 /* RecommendationChart.swift in Sources */ = {isa = PBXBuildFile; fileRef = BA869B1D2811B09300140C46 /* RecommendationChart.swift */; };
		BA869B212811C56700140C46 /* EarningChart.swift in Sources */ = {isa = PBXBuildFile; fileRef = BA869B202811C56700140C46 /* EarningChart.swift */; };
		BAA0419F2804ECF8001825DF /* SingleStockInfo.swift in Sources */ = {isa = PBXBuildFile; fileRef = BAA0419E2804ECF8001825DF /* SingleStockInfo.swift */; };
		BAA041A12805010D001825DF /* MainPageView.swift in Sources */ = {isa = PBXBuildFile; fileRef = BAA041A02805010D001825DF /* MainPageView.swift */; };
		BAA041A42805041F001825DF /* StockQuery.swift in Sources */ = {isa = PBXBuildFile; fileRef = BAA041A32805041F001825DF /* StockQuery.swift */; };
		BAA041A72805302B001825DF /* StockInfo.swift in Sources */ = {isa = PBXBuildFile; fileRef = BAA041A62805302B001825DF /* StockInfo.swift */; };
		BAA041A928066749001825DF /* SingleItemQuery.swift in Sources */ = {isa = PBXBuildFile; fileRef = BAA041A828066749001825DF /* SingleItemQuery.swift */; };
		BAA97E0C280BC33D0019C1FF /* PortfolioView.swift in Sources */ = {isa = PBXBuildFile; fileRef = BAA97E0B280BC33D0019C1FF /* PortfolioView.swift */; };
		BAA97E0E280BC3A10019C1FF /* FavoritesView.swift in Sources */ = {isa = PBXBuildFile; fileRef = BAA97E0D280BC3A10019C1FF /* FavoritesView.swift */; };
		BAA97E10280BCA550019C1FF /* BriefQuery.swift in Sources */ = {isa = PBXBuildFile; fileRef = BAA97E0F280BCA550019C1FF /* BriefQuery.swift */; };
		BAABB776280B0E6A006074B7 /* NewsView.swift in Sources */ = {isa = PBXBuildFile; fileRef = BAABB775280B0E6A006074B7 /* NewsView.swift */; };
		BAAC976C2809F9CA005110EE /* UserProfile.swift in Sources */ = {isa = PBXBuildFile; fileRef = BAAC976B2809F9CA005110EE /* UserProfile.swift */; };
		BAAC976E280A0412005110EE /* UserProfileVM.swift in Sources */ = {isa = PBXBuildFile; fileRef = BAAC976D280A0412005110EE /* UserProfileVM.swift */; };
		BAAC9770280A5260005110EE /* StockPortfolioView.swift in Sources */ = {isa = PBXBuildFile; fileRef = BAAC976F280A5260005110EE /* StockPortfolioView.swift */; };
		BAC755F828086BFC004C03F6 /* APIProtocols.swift in Sources */ = {isa = PBXBuildFile; fileRef = BAC755F728086BFC004C03F6 /* APIProtocols.swift */; };
		BAC755FA28086CAF004C03F6 /* StockRelatedViews.swift in Sources */ = {isa = PBXBuildFile; fileRef = BAC755F928086CAF004C03F6 /* StockRelatedViews.swift */; };
		BAC755FD28088B73004C03F6 /* ViewControllerResolver.swift in Sources */ = {isa = PBXBuildFile; fileRef = BAC755FC28088B73004C03F6 /* ViewControllerResolver.swift */; };
		BAC755FF28088B99004C03F6 /* SearchBar.swift in Sources */ = {isa = PBXBuildFile; fileRef = BAC755FE28088B99004C03F6 /* SearchBar.swift */; };
		BAC756012808B718004C03F6 /* Highcharts.xcframework in Frameworks */ = {isa = PBXBuildFile; fileRef = BAC756002808B718004C03F6 /* Highcharts.xcframework */; };
		BAC756022808B718004C03F6 /* Highcharts.xcframework in Embed Frameworks */ = {isa = PBXBuildFile; fileRef = BAC756002808B718004C03F6 /* Highcharts.xcframework */; settings = {ATTRIBUTES = (CodeSignOnCopy, RemoveHeadersOnCopy, ); }; };
		BAC756042808BBEB004C03F6 /* StatsView.swift in Sources */ = {isa = PBXBuildFile; fileRef = BAC756032808BBEB004C03F6 /* StatsView.swift */; };
		BAC756062808C61D004C03F6 /* AboutView.swift in Sources */ = {isa = PBXBuildFile; fileRef = BAC756052808C61D004C03F6 /* AboutView.swift */; };
		BAC7560828091168004C03F6 /* SocialSentimentView.swift in Sources */ = {isa = PBXBuildFile; fileRef = BAC7560728091168004C03F6 /* SocialSentimentView.swift */; };
		BAC7560A2809123D004C03F6 /* InsightsView.swift in Sources */ = {isa = PBXBuildFile; fileRef = BAC756092809123D004C03F6 /* InsightsView.swift */; };
		BAD65AE2280B4CEF00B9C7D9 /* SingleNewsView.swift in Sources */ = {isa = PBXBuildFile; fileRef = BAD65AE1280B4CEF00B9C7D9 /* SingleNewsView.swift */; };
		BAD65AE4280B4D6700B9C7D9 /* NewsSheet.swift in Sources */ = {isa = PBXBuildFile; fileRef = BAD65AE3280B4D6700B9C7D9 /* NewsSheet.swift */; };
		BAD65AE9280B5D8B00B9C7D9 /* PortfolioData.swift in Sources */ = {isa = PBXBuildFile; fileRef = BAD65AE8280B5D8B00B9C7D9 /* PortfolioData.swift */; };
		BAF3ED2F280764EE009404B5 /* SuggestionListView.swift in Sources */ = {isa = PBXBuildFile; fileRef = BAF3ED2E280764EE009404B5 /* SuggestionListView.swift */; };
		BAF3ED312807654F009404B5 /* AutoSuggestions.swift in Sources */ = {isa = PBXBuildFile; fileRef = BAF3ED302807654F009404B5 /* AutoSuggestions.swift */; };
/* End PBXBuildFile section */

/* Begin PBXCopyFilesBuildPhase section */
		BAA0419D2804D055001825DF /* Embed Frameworks */ = {
			isa = PBXCopyFilesBuildPhase;
			buildActionMask = 2147483647;
			dstPath = "";
			dstSubfolderSpec = 10;
			files = (
				BAC756022808B718004C03F6 /* Highcharts.xcframework in Embed Frameworks */,
			);
			name = "Embed Frameworks";
			runOnlyForDeploymentPostprocessing = 0;
		};
/* End PBXCopyFilesBuildPhase section */

/* Begin PBXFileReference section */
		BA078B76280F5021002C886E /* MultipleTickerQuery.swift */ = {isa = PBXFileReference; lastKnownFileType = sourcecode.swift; path = MultipleTickerQuery.swift; sourceTree = "<group>"; };
		BA21AB1A28032502008693B1 /* StockAPP.app */ = {isa = PBXFileReference; explicitFileType = wrapper.application; includeInIndex = 0; path = StockAPP.app; sourceTree = BUILT_PRODUCTS_DIR; };
		BA21AB1D28032502008693B1 /* StockAPPApp.swift */ = {isa = PBXFileReference; lastKnownFileType = sourcecode.swift; path = StockAPPApp.swift; sourceTree = "<group>"; };
		BA21AB1F28032502008693B1 /* MainView.swift */ = {isa = PBXFileReference; lastKnownFileType = sourcecode.swift; path = MainView.swift; sourceTree = "<group>"; };
		BA21AB2128032503008693B1 /* Assets.xcassets */ = {isa = PBXFileReference; lastKnownFileType = folder.assetcatalog; path = Assets.xcassets; sourceTree = "<group>"; };
		BA21AB2428032503008693B1 /* Preview Assets.xcassets */ = {isa = PBXFileReference; lastKnownFileType = folder.assetcatalog; path = "Preview Assets.xcassets"; sourceTree = "<group>"; };
		BA21AB2C28032814008693B1 /* APIService.swift */ = {isa = PBXFileReference; lastKnownFileType = sourcecode.swift; path = APIService.swift; sourceTree = "<group>"; };
		BA21AB2E28032BC9008693B1 /* APIError.swift */ = {isa = PBXFileReference; lastKnownFileType = sourcecode.swift; path = APIError.swift; sourceTree = "<group>"; };
		BA21AB312803313C008693B1 /* CompanyBrief.swift */ = {isa = PBXFileReference; lastKnownFileType = sourcecode.swift; path = CompanyBrief.swift; sourceTree = "<group>"; };
		BA21AB3328036587008693B1 /* utils.swift */ = {isa = PBXFileReference; lastKnownFileType = sourcecode.swift; path = utils.swift; sourceTree = "<group>"; };
		BA21AB35280366A1008693B1 /* CurrentPrice.swift */ = {isa = PBXFileReference; lastKnownFileType = sourcecode.swift; path = CurrentPrice.swift; sourceTree = "<group>"; };
		BA21AB3728036C9F008693B1 /* Peers.swift */ = {isa = PBXFileReference; lastKnownFileType = sourcecode.swift; path = Peers.swift; sourceTree = "<group>"; };
		BA21AB3928036DE0008693B1 /* HourlyPrice.swift */ = {isa = PBXFileReference; lastKnownFileType = sourcecode.swift; path = HourlyPrice.swift; sourceTree = "<group>"; };
		BA21AB3B28036FD8008693B1 /* SearchSuggestions.swift */ = {isa = PBXFileReference; lastKnownFileType = sourcecode.swift; path = SearchSuggestions.swift; sourceTree = "<group>"; };
		BA21AB3D2803721D008693B1 /* News.swift */ = {isa = PBXFileReference; lastKnownFileType = sourcecode.swift; path = News.swift; sourceTree = "<group>"; };
		BA21AB3F2803C3CF008693B1 /* HistoricalRecord.swift */ = {isa = PBXFileReference; lastKnownFileType = sourcecode.swift; path = HistoricalRecord.swift; sourceTree = "<group>"; };
		BA21AB412803C91A008693B1 /* RecommendInfo.swift */ = {isa = PBXFileReference; lastKnownFileType = sourcecode.swift; path = RecommendInfo.swift; sourceTree = "<group>"; };
		BA21AB432803CA78008693B1 /* EarningInfo.swift */ = {isa = PBXFileReference; lastKnownFileType = sourcecode.swift; path = EarningInfo.swift; sourceTree = "<group>"; };
		BA21AB452803D707008693B1 /* SocialSentiment.swift */ = {isa = PBXFileReference; lastKnownFileType = sourcecode.swift; path = SocialSentiment.swift; sourceTree = "<group>"; };
		BA21AB492803DB4B008693B1 /* LoadingView.swift */ = {isa = PBXFileReference; lastKnownFileType = sourcecode.swift; path = LoadingView.swift; sourceTree = "<group>"; };
		BA21AB4B2803E011008693B1 /* StockTitleView.swift */ = {isa = PBXFileReference; lastKnownFileType = sourcecode.swift; path = StockTitleView.swift; sourceTree = "<group>"; };
		BA3CFFE7280E0CB40030F75D /* TransactionSheet.swift */ = {isa = PBXFileReference; lastKnownFileType = sourcecode.swift; path = TransactionSheet.swift; sourceTree = "<group>"; };
		BA56E186280B643000989BE1 /* PriceQuery.swift */ = {isa = PBXFileReference; lastKnownFileType = sourcecode.swift; path = PriceQuery.swift; sourceTree = "<group>"; };
		BA56E188280B64DF00989BE1 /* GroupQuery.swift */ = {isa = PBXFileReference; lastKnownFileType = sourcecode.swift; path = GroupQuery.swift; sourceTree = "<group>"; };
		BA7F3E7728078C8B002F6F9C /* Debouncer.swift */ = {isa = PBXFileReference; lastKnownFileType = sourcecode.swift; path = Debouncer.swift; sourceTree = "<group>"; };
		BA7F3E7B28079D40002F6F9C /* Info.plist */ = {isa = PBXFileReference; lastKnownFileType = text.plist; path = Info.plist; sourceTree = "<group>"; };
		BA7F3E7C2807CFCE002F6F9C /* Toast.swift */ = {isa = PBXFileReference; lastKnownFileType = sourcecode.swift; path = Toast.swift; sourceTree = "<group>"; };
		BA869B0E2810A19600140C46 /* HourlyChart.swift */ = {isa = PBXFileReference; lastKnownFileType = sourcecode.swift; path = HourlyChart.swift; sourceTree = "<group>"; };
		BA869B102810A25100140C46 /* Charts */ = {isa = PBXFileReference; lastKnownFileType = folder; name = Charts; path = ../Charts; sourceTree = "<group>"; };
		BA869B1428110D1900140C46 /* WebView.swift */ = {isa = PBXFileReference; lastKnownFileType = sourcecode.swift; path = WebView.swift; sourceTree = "<group>"; };
		BA869B162811141500140C46 /* HistoricalChart.swift */ = {isa = PBXFileReference; lastKnownFileType = sourcecode.swift; path = HistoricalChart.swift; sourceTree = "<group>"; };
		BA869B182811ADBF00140C46 /* PriceCharts.swift */ = {isa = PBXFileReference; lastKnownFileType = sourcecode.swift; path = PriceCharts.swift; sourceTree = "<group>"; };
		BA869B1D2811B09300140C46 /* RecommendationChart.swift */ = {isa = PBXFileReference; lastKnownFileType = sourcecode.swift; path = RecommendationChart.swift; sourceTree = "<group>"; };
		BA869B202811C56700140C46 /* EarningChart.swift */ = {isa = PBXFileReference; lastKnownFileType = sourcecode.swift; path = EarningChart.swift; sourceTree = "<group>"; };
		BAA0419A2804D055001825DF /* Alamofire.xcframework */ = {isa = PBXFileReference; lastKnownFileType = wrapper.xcframework; name = Alamofire.xcframework; path = Carthage/Build/Alamofire.xcframework; sourceTree = "<group>"; };
		BAA0419E2804ECF8001825DF /* SingleStockInfo.swift */ = {isa = PBXFileReference; lastKnownFileType = sourcecode.swift; path = SingleStockInfo.swift; sourceTree = "<group>"; };
		BAA041A02805010D001825DF /* MainPageView.swift */ = {isa = PBXFileReference; lastKnownFileType = sourcecode.swift; path = MainPageView.swift; sourceTree = "<group>"; };
		BAA041A32805041F001825DF /* StockQuery.swift */ = {isa = PBXFileReference; lastKnownFileType = sourcecode.swift; path = StockQuery.swift; sourceTree = "<group>"; };
		BAA041A62805302B001825DF /* StockInfo.swift */ = {isa = PBXFileReference; lastKnownFileType = sourcecode.swift; path = StockInfo.swift; sourceTree = "<group>"; };
		BAA041A828066749001825DF /* SingleItemQuery.swift */ = {isa = PBXFileReference; lastKnownFileType = sourcecode.swift; path = SingleItemQuery.swift; sourceTree = "<group>"; };
		BAA97E0B280BC33D0019C1FF /* PortfolioView.swift */ = {isa = PBXFileReference; lastKnownFileType = sourcecode.swift; path = PortfolioView.swift; sourceTree = "<group>"; };
		BAA97E0D280BC3A10019C1FF /* FavoritesView.swift */ = {isa = PBXFileReference; lastKnownFileType = sourcecode.swift; path = FavoritesView.swift; sourceTree = "<group>"; };
		BAA97E0F280BCA550019C1FF /* BriefQuery.swift */ = {isa = PBXFileReference; lastKnownFileType = sourcecode.swift; path = BriefQuery.swift; sourceTree = "<group>"; };
		BAABB775280B0E6A006074B7 /* NewsView.swift */ = {isa = PBXFileReference; lastKnownFileType = sourcecode.swift; path = NewsView.swift; sourceTree = "<group>"; };
		BAAC976B2809F9CA005110EE /* UserProfile.swift */ = {isa = PBXFileReference; lastKnownFileType = sourcecode.swift; path = UserProfile.swift; sourceTree = "<group>"; };
		BAAC976D280A0412005110EE /* UserProfileVM.swift */ = {isa = PBXFileReference; lastKnownFileType = sourcecode.swift; path = UserProfileVM.swift; sourceTree = "<group>"; };
		BAAC976F280A5260005110EE /* StockPortfolioView.swift */ = {isa = PBXFileReference; lastKnownFileType = sourcecode.swift; path = StockPortfolioView.swift; sourceTree = "<group>"; };
		BAC755F728086BFC004C03F6 /* APIProtocols.swift */ = {isa = PBXFileReference; lastKnownFileType = sourcecode.swift; path = APIProtocols.swift; sourceTree = "<group>"; };
		BAC755F928086CAF004C03F6 /* StockRelatedViews.swift */ = {isa = PBXFileReference; lastKnownFileType = sourcecode.swift; path = StockRelatedViews.swift; sourceTree = "<group>"; };
		BAC755FC28088B73004C03F6 /* ViewControllerResolver.swift */ = {isa = PBXFileReference; lastKnownFileType = sourcecode.swift; path = ViewControllerResolver.swift; sourceTree = "<group>"; };
		BAC755FE28088B99004C03F6 /* SearchBar.swift */ = {isa = PBXFileReference; lastKnownFileType = sourcecode.swift; path = SearchBar.swift; sourceTree = "<group>"; };
		BAC756002808B718004C03F6 /* Highcharts.xcframework */ = {isa = PBXFileReference; lastKnownFileType = wrapper.xcframework; name = Highcharts.xcframework; path = Carthage/Build/Highcharts.xcframework; sourceTree = "<group>"; };
		BAC756032808BBEB004C03F6 /* StatsView.swift */ = {isa = PBXFileReference; lastKnownFileType = sourcecode.swift; path = StatsView.swift; sourceTree = "<group>"; };
		BAC756052808C61D004C03F6 /* AboutView.swift */ = {isa = PBXFileReference; lastKnownFileType = sourcecode.swift; path = AboutView.swift; sourceTree = "<group>"; };
		BAC7560728091168004C03F6 /* SocialSentimentView.swift */ = {isa = PBXFileReference; lastKnownFileType = sourcecode.swift; path = SocialSentimentView.swift; sourceTree = "<group>"; };
		BAC756092809123D004C03F6 /* InsightsView.swift */ = {isa = PBXFileReference; lastKnownFileType = sourcecode.swift; path = InsightsView.swift; sourceTree = "<group>"; };
		BAD65AE1280B4CEF00B9C7D9 /* SingleNewsView.swift */ = {isa = PBXFileReference; lastKnownFileType = sourcecode.swift; path = SingleNewsView.swift; sourceTree = "<group>"; };
		BAD65AE3280B4D6700B9C7D9 /* NewsSheet.swift */ = {isa = PBXFileReference; lastKnownFileType = sourcecode.swift; path = NewsSheet.swift; sourceTree = "<group>"; };
		BAD65AE8280B5D8B00B9C7D9 /* PortfolioData.swift */ = {isa = PBXFileReference; lastKnownFileType = sourcecode.swift; path = PortfolioData.swift; sourceTree = "<group>"; };
		BAF3ED2E280764EE009404B5 /* SuggestionListView.swift */ = {isa = PBXFileReference; lastKnownFileType = sourcecode.swift; path = SuggestionListView.swift; sourceTree = "<group>"; };
		BAF3ED302807654F009404B5 /* AutoSuggestions.swift */ = {isa = PBXFileReference; lastKnownFileType = sourcecode.swift; path = AutoSuggestions.swift; sourceTree = "<group>"; };
/* End PBXFileReference section */

/* Begin PBXFrameworksBuildPhase section */
		BA21AB1728032501008693B1 /* Frameworks */ = {
			isa = PBXFrameworksBuildPhase;
			buildActionMask = 2147483647;
			files = (
				BAC756012808B718004C03F6 /* Highcharts.xcframework in Frameworks */,
			);
			runOnlyForDeploymentPostprocessing = 0;
		};
/* End PBXFrameworksBuildPhase section */

/* Begin PBXGroup section */
		BA078B75280F4FFA002C886E /* MultipleTickerQuery */ = {
			isa = PBXGroup;
			children = (
				BA078B76280F5021002C886E /* MultipleTickerQuery.swift */,
			);
			path = MultipleTickerQuery;
			sourceTree = "<group>";
		};
		BA21AB1128032501008693B1 = {
			isa = PBXGroup;
			children = (
				BA869B102810A25100140C46 /* Charts */,
				BA21AB1C28032502008693B1 /* StockAPP */,
				BA21AB1B28032502008693B1 /* Products */,
				BAA041992804D055001825DF /* Frameworks */,
			);
			sourceTree = "<group>";
		};
		BA21AB1B28032502008693B1 /* Products */ = {
			isa = PBXGroup;
			children = (
				BA21AB1A28032502008693B1 /* StockAPP.app */,
			);
			name = Products;
			sourceTree = "<group>";
		};
		BA21AB1C28032502008693B1 /* StockAPP */ = {
			isa = PBXGroup;
			children = (
				BA7F3E7B28079D40002F6F9C /* Info.plist */,
				BA7F3E7628078C71002F6F9C /* Utils */,
				BAD65AE5280B5A2900B9C7D9 /* Models */,
				BAA041A22805040A001825DF /* ViewModels */,
				BA21AB472803DAF4008693B1 /* Views */,
				BA21AB1D28032502008693B1 /* StockAPPApp.swift */,
				BA21AB1F28032502008693B1 /* MainView.swift */,
				BA21AB2128032503008693B1 /* Assets.xcassets */,
				BA21AB2328032503008693B1 /* Preview Content */,
			);
			path = StockAPP;
			sourceTree = "<group>";
		};
		BA21AB2328032503008693B1 /* Preview Content */ = {
			isa = PBXGroup;
			children = (
				BA21AB2428032503008693B1 /* Preview Assets.xcassets */,
			);
			path = "Preview Content";
			sourceTree = "<group>";
		};
		BA21AB2B28032804008693B1 /* network */ = {
			isa = PBXGroup;
			children = (
				BA21AB2C28032814008693B1 /* APIService.swift */,
				BA21AB2E28032BC9008693B1 /* APIError.swift */,
			);
			path = network;
			sourceTree = "<group>";
		};
		BA21AB302803312B008693B1 /* StockData */ = {
			isa = PBXGroup;
			children = (
				BA21AB312803313C008693B1 /* CompanyBrief.swift */,
				BA21AB35280366A1008693B1 /* CurrentPrice.swift */,
				BA21AB3728036C9F008693B1 /* Peers.swift */,
				BA21AB3928036DE0008693B1 /* HourlyPrice.swift */,
				BA21AB3B28036FD8008693B1 /* SearchSuggestions.swift */,
				BA21AB3D2803721D008693B1 /* News.swift */,
				BA21AB3F2803C3CF008693B1 /* HistoricalRecord.swift */,
				BA21AB412803C91A008693B1 /* RecommendInfo.swift */,
				BA21AB432803CA78008693B1 /* EarningInfo.swift */,
				BA21AB452803D707008693B1 /* SocialSentiment.swift */,
				BAA041A62805302B001825DF /* StockInfo.swift */,
			);
			path = StockData;
			sourceTree = "<group>";
		};
		BA21AB472803DAF4008693B1 /* Views */ = {
			isa = PBXGroup;
			children = (
				BA3CFFE2280DEF750030F75D /* MainPage */,
				BA21AB482803DB26008693B1 /* Stock-Info */,
			);
			path = Views;
			sourceTree = "<group>";
		};
		BA21AB482803DB26008693B1 /* Stock-Info */ = {
			isa = PBXGroup;
			children = (
				BA869B0D2810A17F00140C46 /* PriceCharts */,
				BA3CFFE0280DEF490030F75D /* Insights */,
				BA3CFFDF280DEF340030F75D /* Portfolio */,
				BA3CFFDE280DEF280030F75D /* About */,
				BA3CFFDD280DEF1E0030F75D /* Stats */,
				BA3CFFDC280DEF140030F75D /* Title */,
				BAD65AE0280B4CD000B9C7D9 /* News */,
				BA21AB492803DB4B008693B1 /* LoadingView.swift */,
				BAA0419E2804ECF8001825DF /* SingleStockInfo.swift */,
			);
			path = "Stock-Info";
			sourceTree = "<group>";
		};
		BA3CFFDC280DEF140030F75D /* Title */ = {
			isa = PBXGroup;
			children = (
				BA21AB4B2803E011008693B1 /* StockTitleView.swift */,
			);
			path = Title;
			sourceTree = "<group>";
		};
		BA3CFFDD280DEF1E0030F75D /* Stats */ = {
			isa = PBXGroup;
			children = (
				BAC756032808BBEB004C03F6 /* StatsView.swift */,
			);
			path = Stats;
			sourceTree = "<group>";
		};
		BA3CFFDE280DEF280030F75D /* About */ = {
			isa = PBXGroup;
			children = (
				BAC756052808C61D004C03F6 /* AboutView.swift */,
			);
			path = About;
			sourceTree = "<group>";
		};
		BA3CFFDF280DEF340030F75D /* Portfolio */ = {
			isa = PBXGroup;
			children = (
				BAAC976F280A5260005110EE /* StockPortfolioView.swift */,
				BA3CFFE7280E0CB40030F75D /* TransactionSheet.swift */,
			);
			path = Portfolio;
			sourceTree = "<group>";
		};
		BA3CFFE0280DEF490030F75D /* Insights */ = {
			isa = PBXGroup;
			children = (
				BA869B1F2811C55000140C46 /* Earning */,
				BA869B1C2811B07B00140C46 /* Recommendation */,
				BA3CFFE1280DEF5D0030F75D /* SocialSentiment */,
				BAC756092809123D004C03F6 /* InsightsView.swift */,
			);
			path = Insights;
			sourceTree = "<group>";
		};
		BA3CFFE1280DEF5D0030F75D /* SocialSentiment */ = {
			isa = PBXGroup;
			children = (
				BAC7560728091168004C03F6 /* SocialSentimentView.swift */,
			);
			path = SocialSentiment;
			sourceTree = "<group>";
		};
		BA3CFFE2280DEF750030F75D /* MainPage */ = {
			isa = PBXGroup;
			children = (
				BA3CFFE6280DEFC30030F75D /* Portfolio */,
				BA3CFFE5280DEFB50030F75D /* Favorites */,
				BA3CFFE3280DEF970030F75D /* AutoSuggestion */,
				BAA041A02805010D001825DF /* MainPageView.swift */,
			);
			path = MainPage;
			sourceTree = "<group>";
		};
		BA3CFFE3280DEF970030F75D /* AutoSuggestion */ = {
			isa = PBXGroup;
			children = (
				BAF3ED2E280764EE009404B5 /* SuggestionListView.swift */,
			);
			path = AutoSuggestion;
			sourceTree = "<group>";
		};
		BA3CFFE5280DEFB50030F75D /* Favorites */ = {
			isa = PBXGroup;
			children = (
				BAA97E0D280BC3A10019C1FF /* FavoritesView.swift */,
			);
			path = Favorites;
			sourceTree = "<group>";
		};
		BA3CFFE6280DEFC30030F75D /* Portfolio */ = {
			isa = PBXGroup;
			children = (
				BAA97E0B280BC33D0019C1FF /* PortfolioView.swift */,
			);
			path = Portfolio;
			sourceTree = "<group>";
		};
		BA56E18A280B665500989BE1 /* BaseAPIQueryVM */ = {
			isa = PBXGroup;
			children = (
				BAA041A828066749001825DF /* SingleItemQuery.swift */,
				BA56E188280B64DF00989BE1 /* GroupQuery.swift */,
			);
			path = BaseAPIQueryVM;
			sourceTree = "<group>";
		};
		BA7F3E7628078C71002F6F9C /* Utils */ = {
			isa = PBXGroup;
			children = (
				BA21AB2B28032804008693B1 /* network */,
				BAC755FB28088B45004C03F6 /* SearchBar */,
				BA21AB3328036587008693B1 /* utils.swift */,
				BA7F3E7728078C8B002F6F9C /* Debouncer.swift */,
				BA7F3E7C2807CFCE002F6F9C /* Toast.swift */,
				BAC755F728086BFC004C03F6 /* APIProtocols.swift */,
				BAC755F928086CAF004C03F6 /* StockRelatedViews.swift */,
				BA869B1428110D1900140C46 /* WebView.swift */,
			);
			path = Utils;
			sourceTree = "<group>";
		};
		BA869B0D2810A17F00140C46 /* PriceCharts */ = {
			isa = PBXGroup;
			children = (
				BA869B1B2811ADCF00140C46 /* HistoricalChart */,
				BA869B1A2811ADC400140C46 /* HourlyChart */,
				BA869B182811ADBF00140C46 /* PriceCharts.swift */,
			);
			path = PriceCharts;
			sourceTree = "<group>";
		};
		BA869B1A2811ADC400140C46 /* HourlyChart */ = {
			isa = PBXGroup;
			children = (
				BA869B0E2810A19600140C46 /* HourlyChart.swift */,
			);
			path = HourlyChart;
			sourceTree = "<group>";
		};
		BA869B1B2811ADCF00140C46 /* HistoricalChart */ = {
			isa = PBXGroup;
			children = (
				BA869B162811141500140C46 /* HistoricalChart.swift */,
			);
			path = HistoricalChart;
			sourceTree = "<group>";
		};
		BA869B1C2811B07B00140C46 /* Recommendation */ = {
			isa = PBXGroup;
			children = (
				BA869B1D2811B09300140C46 /* RecommendationChart.swift */,
			);
			path = Recommendation;
			sourceTree = "<group>";
		};
		BA869B1F2811C55000140C46 /* Earning */ = {
			isa = PBXGroup;
			children = (
				BA869B202811C56700140C46 /* EarningChart.swift */,
			);
			path = Earning;
			sourceTree = "<group>";
		};
		BAA041992804D055001825DF /* Frameworks */ = {
			isa = PBXGroup;
			children = (
				BAC756002808B718004C03F6 /* Highcharts.xcframework */,
				BAA0419A2804D055001825DF /* Alamofire.xcframework */,
			);
			name = Frameworks;
			sourceTree = "<group>";
		};
		BAA041A22805040A001825DF /* ViewModels */ = {
			isa = PBXGroup;
			children = (
				BA078B75280F4FFA002C886E /* MultipleTickerQuery */,
				BA56E18A280B665500989BE1 /* BaseAPIQueryVM */,
				BAA041A32805041F001825DF /* StockQuery.swift */,
				BAF3ED302807654F009404B5 /* AutoSuggestions.swift */,
				BAAC976D280A0412005110EE /* UserProfileVM.swift */,
				BA56E186280B643000989BE1 /* PriceQuery.swift */,
				BAA97E0F280BCA550019C1FF /* BriefQuery.swift */,
			);
			path = ViewModels;
			sourceTree = "<group>";
		};
		BAAC976A2809D148005110EE /* UserData */ = {
			isa = PBXGroup;
			children = (
				BAAC976B2809F9CA005110EE /* UserProfile.swift */,
				BAD65AE8280B5D8B00B9C7D9 /* PortfolioData.swift */,
			);
			path = UserData;
			sourceTree = "<group>";
		};
		BAC755FB28088B45004C03F6 /* SearchBar */ = {
			isa = PBXGroup;
			children = (
				BAC755FC28088B73004C03F6 /* ViewControllerResolver.swift */,
				BAC755FE28088B99004C03F6 /* SearchBar.swift */,
			);
			path = SearchBar;
			sourceTree = "<group>";
		};
		BAD65AE0280B4CD000B9C7D9 /* News */ = {
			isa = PBXGroup;
			children = (
				BAABB775280B0E6A006074B7 /* NewsView.swift */,
				BAD65AE1280B4CEF00B9C7D9 /* SingleNewsView.swift */,
				BAD65AE3280B4D6700B9C7D9 /* NewsSheet.swift */,
			);
			path = News;
			sourceTree = "<group>";
		};
		BAD65AE5280B5A2900B9C7D9 /* Models */ = {
			isa = PBXGroup;
			children = (
				BAAC976A2809D148005110EE /* UserData */,
				BA21AB302803312B008693B1 /* StockData */,
			);
			path = Models;
			sourceTree = "<group>";
		};
/* End PBXGroup section */

/* Begin PBXNativeTarget section */
		BA21AB1928032501008693B1 /* StockAPP */ = {
			isa = PBXNativeTarget;
			buildConfigurationList = BA21AB2828032503008693B1 /* Build configuration list for PBXNativeTarget "StockAPP" */;
			buildPhases = (
				BA21AB1628032501008693B1 /* Sources */,
				BA21AB1728032501008693B1 /* Frameworks */,
				BA21AB1828032501008693B1 /* Resources */,
				BAA0419D2804D055001825DF /* Embed Frameworks */,
			);
			buildRules = (
			);
			dependencies = (
			);
			name = StockAPP;
			productName = StockAPP;
			productReference = BA21AB1A28032502008693B1 /* StockAPP.app */;
			productType = "com.apple.product-type.application";
		};
/* End PBXNativeTarget section */

/* Begin PBXProject section */
		BA21AB1228032501008693B1 /* Project object */ = {
			isa = PBXProject;
			attributes = {
				BuildIndependentTargetsInParallel = 1;
				LastSwiftUpdateCheck = 1310;
				LastUpgradeCheck = 1310;
				TargetAttributes = {
					BA21AB1928032501008693B1 = {
						CreatedOnToolsVersion = 13.1;
					};
				};
			};
			buildConfigurationList = BA21AB1528032501008693B1 /* Build configuration list for PBXProject "StockAPP" */;
			compatibilityVersion = "Xcode 13.0";
			developmentRegion = en;
			hasScannedForEncodings = 0;
			knownRegions = (
				en,
				Base,
			);
			mainGroup = BA21AB1128032501008693B1;
			productRefGroup = BA21AB1B28032502008693B1 /* Products */;
			projectDirPath = "";
			projectRoot = "";
			targets = (
				BA21AB1928032501008693B1 /* StockAPP */,
			);
		};
/* End PBXProject section */

/* Begin PBXResourcesBuildPhase section */
		BA21AB1828032501008693B1 /* Resources */ = {
			isa = PBXResourcesBuildPhase;
			buildActionMask = 2147483647;
			files = (
				BA21AB2528032503008693B1 /* Preview Assets.xcassets in Resources */,
				BA869B112810A25100140C46 /* Charts in Resources */,
				BA21AB2228032503008693B1 /* Assets.xcassets in Resources */,
			);
			runOnlyForDeploymentPostprocessing = 0;
		};
/* End PBXResourcesBuildPhase section */

/* Begin PBXSourcesBuildPhase section */
		BA21AB1628032501008693B1 /* Sources */ = {
			isa = PBXSourcesBuildPhase;
			buildActionMask = 2147483647;
			files = (
				BA869B192811ADBF00140C46 /* PriceCharts.swift in Sources */,
				BAA041A72805302B001825DF /* StockInfo.swift in Sources */,
				BAAC9770280A5260005110EE /* StockPortfolioView.swift in Sources */,
				BAAC976E280A0412005110EE /* UserProfileVM.swift in Sources */,
				BAA97E10280BCA550019C1FF /* BriefQuery.swift in Sources */,
				BAC756062808C61D004C03F6 /* AboutView.swift in Sources */,
				BAAC976C2809F9CA005110EE /* UserProfile.swift in Sources */,
				BAC755FA28086CAF004C03F6 /* StockRelatedViews.swift in Sources */,
				BA21AB442803CA78008693B1 /* EarningInfo.swift in Sources */,
				BA21AB2028032502008693B1 /* MainView.swift in Sources */,
				BAD65AE4280B4D6700B9C7D9 /* NewsSheet.swift in Sources */,
				BAC7560A2809123D004C03F6 /* InsightsView.swift in Sources */,
				BA869B1528110D1900140C46 /* WebView.swift in Sources */,
				BA21AB2F28032BC9008693B1 /* APIError.swift in Sources */,
				BA869B1E2811B09300140C46 /* RecommendationChart.swift in Sources */,
				BAF3ED312807654F009404B5 /* AutoSuggestions.swift in Sources */,
				BA21AB462803D707008693B1 /* SocialSentiment.swift in Sources */,
				BA21AB422803C91A008693B1 /* RecommendInfo.swift in Sources */,
				BA56E187280B643000989BE1 /* PriceQuery.swift in Sources */,
				BAA041A42805041F001825DF /* StockQuery.swift in Sources */,
				BA869B172811141500140C46 /* HistoricalChart.swift in Sources */,
				BA7F3E7828078C8B002F6F9C /* Debouncer.swift in Sources */,
				BA21AB4A2803DB4B008693B1 /* LoadingView.swift in Sources */,
				BA869B212811C56700140C46 /* EarningChart.swift in Sources */,
				BAC756042808BBEB004C03F6 /* StatsView.swift in Sources */,
				BAA97E0C280BC33D0019C1FF /* PortfolioView.swift in Sources */,
				BA21AB2D28032814008693B1 /* APIService.swift in Sources */,
				BA21AB36280366A1008693B1 /* CurrentPrice.swift in Sources */,
				BA21AB3428036587008693B1 /* utils.swift in Sources */,
				BAD65AE2280B4CEF00B9C7D9 /* SingleNewsView.swift in Sources */,
				BA7F3E7D2807CFCE002F6F9C /* Toast.swift in Sources */,
				BA21AB3828036C9F008693B1 /* Peers.swift in Sources */,
				BA21AB402803C3CF008693B1 /* HistoricalRecord.swift in Sources */,
				BAC755FF28088B99004C03F6 /* SearchBar.swift in Sources */,
				BA21AB3E2803721D008693B1 /* News.swift in Sources */,
				BA21AB3A28036DE0008693B1 /* HourlyPrice.swift in Sources */,
				BA3CFFE8280E0CB40030F75D /* TransactionSheet.swift in Sources */,
				BAD65AE9280B5D8B00B9C7D9 /* PortfolioData.swift in Sources */,
				BAA041A928066749001825DF /* SingleItemQuery.swift in Sources */,
				BAABB776280B0E6A006074B7 /* NewsView.swift in Sources */,
				BAF3ED2F280764EE009404B5 /* SuggestionListView.swift in Sources */,
				BA21AB1E28032502008693B1 /* StockAPPApp.swift in Sources */,
				BAA97E0E280BC3A10019C1FF /* FavoritesView.swift in Sources */,
				BAC755F828086BFC004C03F6 /* APIProtocols.swift in Sources */,
				BA21AB322803313C008693B1 /* CompanyBrief.swift in Sources */,
				BA078B77280F5021002C886E /* MultipleTickerQuery.swift in Sources */,
				BA21AB4C2803E011008693B1 /* StockTitleView.swift in Sources */,
				BAC7560828091168004C03F6 /* SocialSentimentView.swift in Sources */,
				BAC755FD28088B73004C03F6 /* ViewControllerResolver.swift in Sources */,
				BAA041A12805010D001825DF /* MainPageView.swift in Sources */,
				BAA0419F2804ECF8001825DF /* SingleStockInfo.swift in Sources */,
				BA869B0F2810A19600140C46 /* HourlyChart.swift in Sources */,
				BA56E189280B64DF00989BE1 /* GroupQuery.swift in Sources */,
				BA21AB3C28036FD8008693B1 /* SearchSuggestions.swift in Sources */,
			);
			runOnlyForDeploymentPostprocessing = 0;
		};
/* End PBXSourcesBuildPhase section */

/* Begin XCBuildConfiguration section */
		BA21AB2628032503008693B1 /* Debug */ = {
			isa = XCBuildConfiguration;
			buildSettings = {
				ALWAYS_SEARCH_USER_PATHS = NO;
				CLANG_ANALYZER_NONNULL = YES;
				CLANG_ANALYZER_NUMBER_OBJECT_CONVERSION = YES_AGGRESSIVE;
				CLANG_CXX_LANGUAGE_STANDARD = "gnu++17";
				CLANG_CXX_LIBRARY = "libc++";
				CLANG_ENABLE_MODULES = YES;
				CLANG_ENABLE_OBJC_ARC = YES;
				CLANG_ENABLE_OBJC_WEAK = YES;
				CLANG_WARN_BLOCK_CAPTURE_AUTORELEASING = YES;
				CLANG_WARN_BOOL_CONVERSION = YES;
				CLANG_WARN_COMMA = YES;
				CLANG_WARN_CONSTANT_CONVERSION = YES;
				CLANG_WARN_DEPRECATED_OBJC_IMPLEMENTATIONS = YES;
				CLANG_WARN_DIRECT_OBJC_ISA_USAGE = YES_ERROR;
				CLANG_WARN_DOCUMENTATION_COMMENTS = YES;
				CLANG_WARN_EMPTY_BODY = YES;
				CLANG_WARN_ENUM_CONVERSION = YES;
				CLANG_WARN_INFINITE_RECURSION = YES;
				CLANG_WARN_INT_CONVERSION = YES;
				CLANG_WARN_NON_LITERAL_NULL_CONVERSION = YES;
				CLANG_WARN_OBJC_IMPLICIT_RETAIN_SELF = YES;
				CLANG_WARN_OBJC_LITERAL_CONVERSION = YES;
				CLANG_WARN_OBJC_ROOT_CLASS = YES_ERROR;
				CLANG_WARN_QUOTED_INCLUDE_IN_FRAMEWORK_HEADER = YES;
				CLANG_WARN_RANGE_LOOP_ANALYSIS = YES;
				CLANG_WARN_STRICT_PROTOTYPES = YES;
				CLANG_WARN_SUSPICIOUS_MOVE = YES;
				CLANG_WARN_UNGUARDED_AVAILABILITY = YES_AGGRESSIVE;
				CLANG_WARN_UNREACHABLE_CODE = YES;
				CLANG_WARN__DUPLICATE_METHOD_MATCH = YES;
				COPY_PHASE_STRIP = NO;
				DEBUG_INFORMATION_FORMAT = dwarf;
				ENABLE_STRICT_OBJC_MSGSEND = YES;
				ENABLE_TESTABILITY = YES;
				GCC_C_LANGUAGE_STANDARD = gnu11;
				GCC_DYNAMIC_NO_PIC = NO;
				GCC_NO_COMMON_BLOCKS = YES;
				GCC_OPTIMIZATION_LEVEL = 0;
				GCC_PREPROCESSOR_DEFINITIONS = (
					"DEBUG=1",
					"$(inherited)",
				);
				GCC_WARN_64_TO_32_BIT_CONVERSION = YES;
				GCC_WARN_ABOUT_RETURN_TYPE = YES_ERROR;
				GCC_WARN_UNDECLARED_SELECTOR = YES;
				GCC_WARN_UNINITIALIZED_AUTOS = YES_AGGRESSIVE;
				GCC_WARN_UNUSED_FUNCTION = YES;
				GCC_WARN_UNUSED_VARIABLE = YES;
				IPHONEOS_DEPLOYMENT_TARGET = 15.0;
				MTL_ENABLE_DEBUG_INFO = INCLUDE_SOURCE;
				MTL_FAST_MATH = YES;
				ONLY_ACTIVE_ARCH = YES;
				SDKROOT = iphoneos;
				SWIFT_ACTIVE_COMPILATION_CONDITIONS = DEBUG;
				SWIFT_OPTIMIZATION_LEVEL = "-Onone";
			};
			name = Debug;
		};
		BA21AB2728032503008693B1 /* Release */ = {
			isa = XCBuildConfiguration;
			buildSettings = {
				ALWAYS_SEARCH_USER_PATHS = NO;
				CLANG_ANALYZER_NONNULL = YES;
				CLANG_ANALYZER_NUMBER_OBJECT_CONVERSION = YES_AGGRESSIVE;
				CLANG_CXX_LANGUAGE_STANDARD = "gnu++17";
				CLANG_CXX_LIBRARY = "libc++";
				CLANG_ENABLE_MODULES = YES;
				CLANG_ENABLE_OBJC_ARC = YES;
				CLANG_ENABLE_OBJC_WEAK = YES;
				CLANG_WARN_BLOCK_CAPTURE_AUTORELEASING = YES;
				CLANG_WARN_BOOL_CONVERSION = YES;
				CLANG_WARN_COMMA = YES;
				CLANG_WARN_CONSTANT_CONVERSION = YES;
				CLANG_WARN_DEPRECATED_OBJC_IMPLEMENTATIONS = YES;
				CLANG_WARN_DIRECT_OBJC_ISA_USAGE = YES_ERROR;
				CLANG_WARN_DOCUMENTATION_COMMENTS = YES;
				CLANG_WARN_EMPTY_BODY = YES;
				CLANG_WARN_ENUM_CONVERSION = YES;
				CLANG_WARN_INFINITE_RECURSION = YES;
				CLANG_WARN_INT_CONVERSION = YES;
				CLANG_WARN_NON_LITERAL_NULL_CONVERSION = YES;
				CLANG_WARN_OBJC_IMPLICIT_RETAIN_SELF = YES;
				CLANG_WARN_OBJC_LITERAL_CONVERSION = YES;
				CLANG_WARN_OBJC_ROOT_CLASS = YES_ERROR;
				CLANG_WARN_QUOTED_INCLUDE_IN_FRAMEWORK_HEADER = YES;
				CLANG_WARN_RANGE_LOOP_ANALYSIS = YES;
				CLANG_WARN_STRICT_PROTOTYPES = YES;
				CLANG_WARN_SUSPICIOUS_MOVE = YES;
				CLANG_WARN_UNGUARDED_AVAILABILITY = YES_AGGRESSIVE;
				CLANG_WARN_UNREACHABLE_CODE = YES;
				CLANG_WARN__DUPLICATE_METHOD_MATCH = YES;
				COPY_PHASE_STRIP = NO;
				DEBUG_INFORMATION_FORMAT = "dwarf-with-dsym";
				ENABLE_NS_ASSERTIONS = NO;
				ENABLE_STRICT_OBJC_MSGSEND = YES;
				GCC_C_LANGUAGE_STANDARD = gnu11;
				GCC_NO_COMMON_BLOCKS = YES;
				GCC_WARN_64_TO_32_BIT_CONVERSION = YES;
				GCC_WARN_ABOUT_RETURN_TYPE = YES_ERROR;
				GCC_WARN_UNDECLARED_SELECTOR = YES;
				GCC_WARN_UNINITIALIZED_AUTOS = YES_AGGRESSIVE;
				GCC_WARN_UNUSED_FUNCTION = YES;
				GCC_WARN_UNUSED_VARIABLE = YES;
				IPHONEOS_DEPLOYMENT_TARGET = 15.0;
				MTL_ENABLE_DEBUG_INFO = NO;
				MTL_FAST_MATH = YES;
				SDKROOT = iphoneos;
				SWIFT_COMPILATION_MODE = wholemodule;
				SWIFT_OPTIMIZATION_LEVEL = "-O";
				VALIDATE_PRODUCT = YES;
			};
			name = Release;
		};
		BA21AB2928032503008693B1 /* Debug */ = {
			isa = XCBuildConfiguration;
			buildSettings = {
				ASSETCATALOG_COMPILER_APPICON_NAME = AppIcon;
				ASSETCATALOG_COMPILER_GLOBAL_ACCENT_COLOR_NAME = AccentColor;
				CODE_SIGN_STYLE = Automatic;
				CURRENT_PROJECT_VERSION = 1;
				DEVELOPMENT_ASSET_PATHS = "\"StockAPP/Preview Content\"";
				DEVELOPMENT_TEAM = FN5TN4KB3Z;
				ENABLE_PREVIEWS = YES;
				FRAMEWORK_SEARCH_PATHS = "$(inherited)";
				GENERATE_INFOPLIST_FILE = YES;
				INFOPLIST_FILE = StockAPP/Info.plist;
				INFOPLIST_KEY_UIApplicationSceneManifest_Generation = YES;
				INFOPLIST_KEY_UIApplicationSupportsIndirectInputEvents = YES;
				INFOPLIST_KEY_UILaunchScreen_Generation = YES;
				INFOPLIST_KEY_UISupportedInterfaceOrientations_iPad = "UIInterfaceOrientationPortrait UIInterfaceOrientationPortraitUpsideDown UIInterfaceOrientationLandscapeLeft UIInterfaceOrientationLandscapeRight";
				INFOPLIST_KEY_UISupportedInterfaceOrientations_iPhone = "UIInterfaceOrientationPortrait UIInterfaceOrientationLandscapeLeft UIInterfaceOrientationLandscapeRight";
				IPHONEOS_DEPLOYMENT_TARGET = 15.4;
				LD_RUNPATH_SEARCH_PATHS = (
					"$(inherited)",
					"@executable_path/Frameworks",
				);
				MARKETING_VERSION = 1.0;
				PRODUCT_BUNDLE_IDENTIFIER = com.Kecheng.Ye.StockAPP;
				PRODUCT_NAME = "$(TARGET_NAME)";
				SWIFT_EMIT_LOC_STRINGS = YES;
				SWIFT_VERSION = 5.0;
				TARGETED_DEVICE_FAMILY = 1;
				VALIDATE_WORKSPACE = NO;
			};
			name = Debug;
		};
		BA21AB2A28032503008693B1 /* Release */ = {
			isa = XCBuildConfiguration;
			buildSettings = {
				ASSETCATALOG_COMPILER_APPICON_NAME = AppIcon;
				ASSETCATALOG_COMPILER_GLOBAL_ACCENT_COLOR_NAME = AccentColor;
				CODE_SIGN_STYLE = Automatic;
				CURRENT_PROJECT_VERSION = 1;
				DEVELOPMENT_ASSET_PATHS = "\"StockAPP/Preview Content\"";
				DEVELOPMENT_TEAM = FN5TN4KB3Z;
				ENABLE_PREVIEWS = YES;
				FRAMEWORK_SEARCH_PATHS = "$(inherited)";
				GENERATE_INFOPLIST_FILE = YES;
				INFOPLIST_FILE = StockAPP/Info.plist;
				INFOPLIST_KEY_UIApplicationSceneManifest_Generation = YES;
				INFOPLIST_KEY_UIApplicationSupportsIndirectInputEvents = YES;
				INFOPLIST_KEY_UILaunchScreen_Generation = YES;
				INFOPLIST_KEY_UISupportedInterfaceOrientations_iPad = "UIInterfaceOrientationPortrait UIInterfaceOrientationPortraitUpsideDown UIInterfaceOrientationLandscapeLeft UIInterfaceOrientationLandscapeRight";
				INFOPLIST_KEY_UISupportedInterfaceOrientations_iPhone = "UIInterfaceOrientationPortrait UIInterfaceOrientationLandscapeLeft UIInterfaceOrientationLandscapeRight";
				IPHONEOS_DEPLOYMENT_TARGET = 15.4;
				LD_RUNPATH_SEARCH_PATHS = (
					"$(inherited)",
					"@executable_path/Frameworks",
				);
				MARKETING_VERSION = 1.0;
				PRODUCT_BUNDLE_IDENTIFIER = com.Kecheng.Ye.StockAPP;
				PRODUCT_NAME = "$(TARGET_NAME)";
				SWIFT_EMIT_LOC_STRINGS = YES;
				SWIFT_VERSION = 5.0;
				TARGETED_DEVICE_FAMILY = 1;
				VALIDATE_WORKSPACE = NO;
			};
			name = Release;
		};
/* End XCBuildConfiguration section */

/* Begin XCConfigurationList section */
		BA21AB1528032501008693B1 /* Build configuration list for PBXProject "StockAPP" */ = {
			isa = XCConfigurationList;
			buildConfigurations = (
				BA21AB2628032503008693B1 /* Debug */,
				BA21AB2728032503008693B1 /* Release */,
			);
			defaultConfigurationIsVisible = 0;
			defaultConfigurationName = Release;
		};
		BA21AB2828032503008693B1 /* Build configuration list for PBXNativeTarget "StockAPP" */ = {
			isa = XCConfigurationList;
			buildConfigurations = (
				BA21AB2928032503008693B1 /* Debug */,
				BA21AB2A28032503008693B1 /* Release */,
			);
			defaultConfigurationIsVisible = 0;
			defaultConfigurationName = Release;
		};
/* End XCConfigurationList section */
	};
	rootObject = BA21AB1228032501008693B1 /* Project object */;
}
